
Microsoft Visual Studio Solution File, Format Version 12.00
# Visual Studio 14
VisualStudioVersion = 14.0.25123.0
MinimumVisualStudioVersion = 10.0.40219.1
Project("{FAE04EC0-301F-11D3-BF4B-00C04F79EFBC}") = "dodge", "dodge\dodge.csproj", "{9B051EA4-C226-45F4-B208-AAE5DC3F4124}"
EndProject
Global
	GlobalSection(SolutionConfigurationPlatforms) = preSolution
		Debug|Any CPU = Debug|Any CPU
		Release|Any CPU = Release|Any CPU
	EndGlobalSection
	GlobalSection(ProjectConfigurationPlatforms) = postSolution
		{9B051EA4-C226-45F4-B208-AAE5DC3F4124}.Debug|Any CPU.ActiveCfg = Debug|Any CPU
		{9B051EA4-C226-45F4-B208-AAE5DC3F4124}.Debug|Any CPU.Build.0 = Debug|Any CPU
		{9B051EA4-C226-45F4-B208-AAE5DC3F4124}.Release|Any CPU.ActiveCfg = Release|Any CPU
		{9B051EA4-C226-45F4-B208-AAE5DC3F4124}.Release|Any CPU.Build.0 = Release|Any CPU
	EndGlobalSection
	GlobalSection(SolutionProperties) = preSolution
		HideSolutionNode = FALSE
	EndGlobalSection
EndGlobal
